// !$*UTF8*$!
{
	archiveVersion = 1;
	classes = {
	};
	objectVersion = 50;
	objects = {

/* Begin PBXBuildFile section */
		183419C722B9E5EE00519276 /* AppDelegate.m in Sources */ = {isa = PBXBuildFile; fileRef = 183419C622B9E5EE00519276 /* AppDelegate.m */; };
		183419CA22B9E5EE00519276 /* ViewController.m in Sources */ = {isa = PBXBuildFile; fileRef = 183419C922B9E5EE00519276 /* ViewController.m */; };
		183419CD22B9E5EE00519276 /* Main.storyboard in Resources */ = {isa = PBXBuildFile; fileRef = 183419CB22B9E5EE00519276 /* Main.storyboard */; };
		183419CF22B9E5F000519276 /* Assets.xcassets in Resources */ = {isa = PBXBuildFile; fileRef = 183419CE22B9E5F000519276 /* Assets.xcassets */; };
		183419D222B9E5F000519276 /* LaunchScreen.storyboard in Resources */ = {isa = PBXBuildFile; fileRef = 183419D022B9E5F000519276 /* LaunchScreen.storyboard */; };
		183419D522B9E5F000519276 /* main.m in Sources */ = {isa = PBXBuildFile; fileRef = 183419D422B9E5F000519276 /* main.m */; };
		183419DD22B9E69700519276 /* GridModel.m in Sources */ = {isa = PBXBuildFile; fileRef = 183419DC22B9E69700519276 /* GridModel.m */; };
/* End PBXBuildFile section */

/* Begin PBXFileReference section */
		183419C222B9E5EE00519276 /* CarGame.app */ = {isa = PBXFileReference; explicitFileType = wrapper.application; includeInIndex = 0; path = CarGame.app; sourceTree = BUILT_PRODUCTS_DIR; };
		183419C522B9E5EE00519276 /* AppDelegate.h */ = {isa = PBXFileReference; lastKnownFileType = sourcecode.c.h; path = AppDelegate.h; sourceTree = "<group>"; };
		183419C622B9E5EE00519276 /* AppDelegate.m */ = {isa = PBXFileReference; lastKnownFileType = sourcecode.c.objc; path = AppDelegate.m; sourceTree = "<group>"; };
		183419C822B9E5EE00519276 /* ViewController.h */ = {isa = PBXFileReference; lastKnownFileType = sourcecode.c.h; path = ViewController.h; sourceTree = "<group>"; };
		183419C922B9E5EE00519276 /* ViewController.m */ = {isa = PBXFileReference; lastKnownFileType = sourcecode.c.objc; path = ViewController.m; sourceTree = "<group>"; };
		183419CC22B9E5EE00519276 /* Base */ = {isa = PBXFileReference; lastKnownFileType = file.storyboard; name = Base; path = Base.lproj/Main.storyboard; sourceTree = "<group>"; };
		183419CE22B9E5F000519276 /* Assets.xcassets */ = {isa = PBXFileReference; lastKnownFileType = folder.assetcatalog; path = Assets.xcassets; sourceTree = "<group>"; };
		183419D122B9E5F000519276 /* Base */ = {isa = PBXFileReference; lastKnownFileType = file.storyboard; name = Base; path = Base.lproj/LaunchScreen.storyboard; sourceTree = "<group>"; };
		183419D322B9E5F000519276 /* Info.plist */ = {isa = PBXFileReference; lastKnownFileType = text.plist.xml; path = Info.plist; sourceTree = "<group>"; };
		183419D422B9E5F000519276 /* main.m */ = {isa = PBXFileReference; lastKnownFileType = sourcecode.c.objc; path = main.m; sourceTree = "<group>"; };
		183419DB22B9E69700519276 /* GridModel.h */ = {isa = PBXFileReference; fileEncoding = 4; lastKnownFileType = sourcecode.c.h; path = GridModel.h; sourceTree = "<group>"; };
		183419DC22B9E69700519276 /* GridModel.m */ = {isa = PBXFileReference; fileEncoding = 4; lastKnownFileType = sourcecode.c.objc; path = GridModel.m; sourceTree = "<group>"; };
/* End PBXFileReference section */

/* Begin PBXFrameworksBuildPhase section */
		183419BF22B9E5EE00519276 /* Frameworks */ = {
			isa = PBXFrameworksBuildPhase;
			buildActionMask = 2147483647;
			files = (
			);
			runOnlyForDeploymentPostprocessing = 0;
		};
/* End PBXFrameworksBuildPhase section */

/* Begin PBXGroup section */
		183419B922B9E5ED00519276 = {
			isa = PBXGroup;
			children = (
				183419C422B9E5EE00519276 /* CarGame */,
				183419C322B9E5EE00519276 /* Products */,
			);
			sourceTree = "<group>";
		};
		183419C322B9E5EE00519276 /* Products */ = {
			isa = PBXGroup;
			children = (
				183419C222B9E5EE00519276 /* CarGame.app */,
			);
			name = Products;
			sourceTree = "<group>";
		};
		183419C422B9E5EE00519276 /* CarGame */ = {
			isa = PBXGroup;
			children = (
				183419C522B9E5EE00519276 /* AppDelegate.h */,
				183419C622B9E5EE00519276 /* AppDelegate.m */,
				183419C822B9E5EE00519276 /* ViewController.h */,
				183419C922B9E5EE00519276 /* ViewController.m */,
				183419DB22B9E69700519276 /* GridModel.h */,
				183419DC22B9E69700519276 /* GridModel.m */,
				183419CB22B9E5EE00519276 /* Main.storyboard */,
				183419CE22B9E5F000519276 /* Assets.xcassets */,
				183419D022B9E5F000519276 /* LaunchScreen.storyboard */,
				183419D322B9E5F000519276 /* Info.plist */,
				183419D422B9E5F000519276 /* main.m */,
			);
			path = CarGame;
			sourceTree = "<group>";
		};
/* End PBXGroup section */

/* Begin PBXNativeTarget section */
		183419C122B9E5EE00519276 /* CarGame */ = {
			isa = PBXNativeTarget;
			buildConfigurationList = 183419D822B9E5F000519276 /* Build configuration list for PBXNativeTarget "CarGame" */;
			buildPhases = (
				183419BE22B9E5EE00519276 /* Sources */,
				183419BF22B9E5EE00519276 /* Frameworks */,
				183419C022B9E5EE00519276 /* Resources */,
			);
			buildRules = (
			);
			dependencies = (
			);
			name = CarGame;
			productName = CarGame;
			productReference = 183419C222B9E5EE00519276 /* CarGame.app */;
			productType = "com.apple.product-type.application";
		};
/* End PBXNativeTarget section */

/* Begin PBXProject section */
		183419BA22B9E5ED00519276 /* Project object */ = {
			isa = PBXProject;
			attributes = {
				LastUpgradeCheck = 1020;
				ORGANIZATIONNAME = apple.zfc;
				TargetAttributes = {
					183419C122B9E5EE00519276 = {
						CreatedOnToolsVersion = 10.2.1;
					};
				};
			};
			buildConfigurationList = 183419BD22B9E5ED00519276 /* Build configuration list for PBXProject "CarGame" */;
			compatibilityVersion = "Xcode 9.3";
			developmentRegion = en;
			hasScannedForEncodings = 0;
			knownRegions = (
				en,
				Base,
			);
			mainGroup = 183419B922B9E5ED00519276;
			productRefGroup = 183419C322B9E5EE00519276 /* Products */;
			projectDirPath = "";
			projectRoot = "";
			targets = (
				183419C122B9E5EE00519276 /* CarGame */,
			);
		};
/* End PBXProject section */

/* Begin PBXResourcesBuildPhase section */
		183419C022B9E5EE00519276 /* Resources */ = {
			isa = PBXResourcesBuildPhase;
			buildActionMask = 2147483647;
			files = (
				183419D222B9E5F000519276 /* LaunchScreen.storyboard in Resources */,
				183419CF22B9E5F000519276 /* Assets.xcassets in Resources */,
				183419CD22B9E5EE00519276 /* Main.storyboard in Resources */,
			);
			runOnlyForDeploymentPostprocessing = 0;
		};
/* End PBXResourcesBuildPhase section */

/* Begin PBXSourcesBuildPhase section */
		183419BE22B9E5EE00519276 /* Sources */ = {
			isa = PBXSourcesBuildPhase;
			buildActionMask = 2147483647;
			files = (
				183419CA22B9E5EE00519276 /* ViewController.m in Sources */,
				183419DD22B9E69700519276 /* GridModel.m in Sources */,
				183419D522B9E5F000519276 /* main.m in Sources */,
				183419C722B9E5EE00519276 /* AppDelegate.m in Sources */,
			);
			runOnlyForDeploymentPostprocessing = 0;
		};
/* End PBXSourcesBuildPhase section */

/* Begin PBXVariantGroup section */
		183419CB22B9E5EE00519276 /* Main.storyboard */ = {
			isa = PBXVariantGroup;
			children = (
				183419CC22B9E5EE00519276 /* Base */,
			);
			name = Main.storyboard;
			sourceTree = "<group>";
		};
		183419D022B9E5F000519276 /* LaunchScreen.storyboard */ = {
			isa = PBXVariantGroup;
			children = (
				183419D122B9E5F000519276 /* Base */,
			);
			name = LaunchScreen.storyboard;
			sourceTree = "<group>";
		};
/* End PBXVariantGroup section */

/* Begin XCBuildConfiguration section */
		183419D622B9E5F000519276 /* Debug */ = {
			isa = XCBuildConfiguration;
			buildSettings = {
				ALWAYS_SEARCH_USER_PATHS = NO;
				CLANG_ANALYZER_NONNULL = YES;
				CLANG_ANALYZER_NUMBER_OBJECT_CONVERSION = YES_AGGRESSIVE;
				CLANG_CXX_LANGUAGE_STANDARD = "gnu++14";
				CLANG_CXX_LIBRARY = "libc++";
				CLANG_ENABLE_MODULES = YES;
				CLANG_ENABLE_OBJC_ARC = YES;
				CLANG_ENABLE_OBJC_WEAK = YES;
				CLANG_WARN_BLOCK_CAPTURE_AUTORELEASING = YES;
				CLANG_WARN_BOOL_CONVERSION = YES;
				CLANG_WARN_COMMA = YES;
				CLANG_WARN_CONSTANT_CONVERSION = YES;
				CLANG_WARN_DEPRECATED_OBJC_IMPLEMENTATIONS = YES;
				CLANG_WARN_DIRECT_OBJC_ISA_USAGE = YES_ERROR;
				CLANG_WARN_DOCUMENTATION_COMMENTS = YES;
				CLANG_WARN_EMPTY_BODY = YES;
				CLANG_WARN_ENUM_CONVERSION = YES;
				CLANG_WARN_INFINITE_RECURSION = YES;
				CLANG_WARN_INT_CONVERSION = YES;
				CLANG_WARN_NON_LITERAL_NULL_CONVERSION = YES;
				CLANG_WARN_OBJC_IMPLICIT_RETAIN_SELF = YES;
				CLANG_WARN_OBJC_LITERAL_CONVERSION = YES;
				CLANG_WARN_OBJC_ROOT_CLASS = YES_ERROR;
				CLANG_WARN_RANGE_LOOP_ANALYSIS = YES;
				CLANG_WARN_STRICT_PROTOTYPES = YES;
				CLANG_WARN_SUSPICIOUS_MOVE = YES;
				CLANG_WARN_UNGUARDED_AVAILABILITY = YES_AGGRESSIVE;
				CLANG_WARN_UNREACHABLE_CODE = YES;
				CLANG_WARN__DUPLICATE_METHOD_MATCH = YES;
				CODE_SIGN_IDENTITY = "iPhone Developer";
				COPY_PHASE_STRIP = NO;
				DEBUG_INFORMATION_FORMAT = dwarf;
				ENABLE_STRICT_OBJC_MSGSEND = YES;
				ENABLE_TESTABILITY = YES;
				GCC_C_LANGUAGE_STANDARD = gnu11;
				GCC_DYNAMIC_NO_PIC = NO;
				GCC_NO_COMMON_BLOCKS = YES;
				GCC_OPTIMIZATION_LEVEL = 0;
				GCC_PREPROCESSOR_DEFINITIONS = (
					"DEBUG=1",
					"$(inherited)",
				);
				GCC_WARN_64_TO_32_BIT_CONVERSION = YES;
				GCC_WARN_ABOUT_RETURN_TYPE = YES_ERROR;
				GCC_WARN_UNDECLARED_SELECTOR = YES;
				GCC_WARN_UNINITIALIZED_AUTOS = YES_AGGRESSIVE;
				GCC_WARN_UNUSED_FUNCTION = YES;
				GCC_WARN_UNUSED_VARIABLE = YES;
				IPHONEOS_DEPLOYMENT_TARGET = 12.2;
				MTL_ENABLE_DEBUG_INFO = INCLUDE_SOURCE;
				MTL_FAST_MATH = YES;
				ONLY_ACTIVE_ARCH = YES;
				SDKROOT = iphoneos;
			};
			name = Debug;
		};
		183419D722B9E5F000519276 /* Release */ = {
			isa = XCBuildConfiguration;
			buildSettings = {
				ALWAYS_SEARCH_USER_PATHS = NO;
				CLANG_ANALYZER_NONNULL = YES;
				CLANG_ANALYZER_NUMBER_OBJECT_CONVERSION = YES_AGGRESSIVE;
				CLANG_CXX_LANGUAGE_STANDARD = "gnu++14";
				CLANG_CXX_LIBRARY = "libc++";
				CLANG_ENABLE_MODULES = YES;
				CLANG_ENABLE_OBJC_ARC = YES;
				CLANG_ENABLE_OBJC_WEAK = YES;
				CLANG_WARN_BLOCK_CAPTURE_AUTORELEASING = YES;
				CLANG_WARN_BOOL_CONVERSION = YES;
				CLANG_WARN_COMMA = YES;
				CLANG_WARN_CONSTANT_CONVERSION = YES;
				CLANG_WARN_DEPRECATED_OBJC_IMPLEMENTATIONS = YES;
				CLANG_WARN_DIRECT_OBJC_ISA_USAGE = YES_ERROR;
				CLANG_WARN_DOCUMENTATION_COMMENTS = YES;
				CLANG_WARN_EMPTY_BODY = YES;
				CLANG_WARN_ENUM_CONVERSION = YES;
				CLANG_WARN_INFINITE_RECURSION = YES;
				CLANG_WARN_INT_CONVERSION = YES;
				CLANG_WARN_NON_LITERAL_NULL_CONVERSION = YES;
				CLANG_WARN_OBJC_IMPLICIT_RETAIN_SELF = YES;
				CLANG_WARN_OBJC_LITERAL_CONVERSION = YES;
				CLANG_WARN_OBJC_ROOT_CLASS = YES_ERROR;
				CLANG_WARN_RANGE_LOOP_ANALYSIS = YES;
				CLANG_WARN_STRICT_PROTOTYPES = YES;
				CLANG_WARN_SUSPICIOUS_MOVE = YES;
				CLANG_WARN_UNGUARDED_AVAILABILITY = YES_AGGRESSIVE;
				CLANG_WARN_UNREACHABLE_CODE = YES;
				CLANG_WARN__DUPLICATE_METHOD_MATCH = YES;
				CODE_SIGN_IDENTITY = "iPhone Developer";
				COPY_PHASE_STRIP = NO;
				DEBUG_INFORMATION_FORMAT = "dwarf-with-dsym";
				ENABLE_NS_ASSERTIONS = NO;
				ENABLE_STRICT_OBJC_MSGSEND = YES;
				GCC_C_LANGUAGE_STANDARD = gnu11;
				GCC_NO_COMMON_BLOCKS = YES;
				GCC_WARN_64_TO_32_BIT_CONVERSION = YES;
				GCC_WARN_ABOUT_RETURN_TYPE = YES_ERROR;
				GCC_WARN_UNDECLARED_SELECTOR = YES;
				GCC_WARN_UNINITIALIZED_AUTOS = YES_AGGRESSIVE;
				GCC_WARN_UNUSED_FUNCTION = YES;
				GCC_WARN_UNUSED_VARIABLE = YES;
				IPHONEOS_DEPLOYMENT_TARGET = 12.2;
				MTL_ENABLE_DEBUG_INFO = NO;
				MTL_FAST_MATH = YES;
				SDKROOT = iphoneos;
				VALIDATE_PRODUCT = YES;
			};
			name = Release;
		};
		183419D922B9E5F000519276 /* Debug */ = {
			isa = XCBuildConfiguration;
			buildSettings = {
				ASSETCATALOG_COMPILER_APPICON_NAME = AppIcon;
				CODE_SIGN_STYLE = Automatic;
				DEVELOPMENT_TEAM = Y938CMFMMS;
				INFOPLIST_FILE = CarGame/Info.plist;
				IPHONEOS_DEPLOYMENT_TARGET = 8.0;
				LD_RUNPATH_SEARCH_PATHS = (
					"$(inherited)",
					"@executable_path/Frameworks",
				);
				PRODUCT_BUNDLE_IDENTIFIER = com.zfc.CarGame;
				PRODUCT_NAME = "$(TARGET_NAME)";
				TARGETED_DEVICE_FAMILY = "1,2";
			};
			name = Debug;
		};
		183419DA22B9E5F000519276 /* Release */ = {
			isa = XCBuildConfiguration;
			buildSettings = {
				ASSETCATALOG_COMPILER_APPICON_NAME = AppIcon;
				CODE_SIGN_STYLE = Automatic;
				DEVELOPMENT_TEAM = Y938CMFMMS;
				INFOPLIST_FILE = CarGame/Info.plist;
				IPHONEOS_DEPLOYMENT_TARGET = 8.0;
				LD_RUNPATH_SEARCH_PATHS = (
					"$(inherited)",
					"@executable_path/Frameworks",
				);
				PRODUCT_BUNDLE_IDENTIFIER = com.zfc.CarGame;
				PRODUCT_NAME = "$(TARGET_NAME)";
				TARGETED_DEVICE_FAMILY = "1,2";
			};
			name = Release;
		};
/* End XCBuildConfiguration section */

/* Begin XCConfigurationList section */
		183419BD22B9E5ED00519276 /* Build configuration list for PBXProject "CarGame" */ = {
			isa = XCConfigurationList;
			buildConfigurations = (
				183419D622B9E5F000519276 /* Debug */,
				183419D722B9E5F000519276 /* Release */,
			);
			defaultConfigurationIsVisible = 0;
			defaultConfigurationName = Release;
		};
		183419D822B9E5F000519276 /* Build configuration list for PBXNativeTarget "CarGame" */ = {
			isa = XCConfigurationList;
			buildConfigurations = (
				183419D922B9E5F000519276 /* Debug */,
				183419DA22B9E5F000519276 /* Release */,
			);
			defaultConfigurationIsVisible = 0;
			defaultConfigurationName = Release;
		};
/* End XCConfigurationList section */
	};
	rootObject = 183419BA22B9E5ED00519276 /* Project object */;
}
